
Microsoft Visual Studio Solution File, Format Version 12.00
# Visual Studio 15
VisualStudioVersion = 15.0.28010.2041
MinimumVisualStudioVersion = 10.0.40219.1
Project("{FAE04EC0-301F-11D3-BF4B-00C04F79EFBC}") = "TddDemo.Entities", "TddDemo.Entities\TddDemo.Entities.csproj", "{8C2609AC-CEEF-41AA-B429-B02250ABA379}"
EndProject
Project("{FAE04EC0-301F-11D3-BF4B-00C04F79EFBC}") = "TddDemo.DataAccess", "TddDemo.DataAccess\TddDemo.DataAccess.csproj", "{35B001EB-CCCD-4866-BD8D-7193764A6A70}"
EndProject
Project("{FAE04EC0-301F-11D3-BF4B-00C04F79EFBC}") = "TddDemo.Business", "TddDemo.Business\TddDemo.Business.csproj", "{32828182-3E7A-4030-B3BF-85932BC193DD}"
EndProject
Project("{FAE04EC0-301F-11D3-BF4B-00C04F79EFBC}") = "TddDemo.Business.Tests", "TddDemo.Business.Tests\TddDemo.Business.Tests.csproj", "{BB200423-ED76-43B8-A0BF-2E2A76129699}"
EndProject
Global
	GlobalSection(SolutionConfigurationPlatforms) = preSolution
		Debug|Any CPU = Debug|Any CPU
		Release|Any CPU = Release|Any CPU
	EndGlobalSection
	GlobalSection(ProjectConfigurationPlatforms) = postSolution
		{8C2609AC-CEEF-41AA-B429-B02250ABA379}.Debug|Any CPU.ActiveCfg = Debug|Any CPU
		{8C2609AC-CEEF-41AA-B429-B02250ABA379}.Debug|Any CPU.Build.0 = Debug|Any CPU
		{8C2609AC-CEEF-41AA-B429-B02250ABA379}.Release|Any CPU.ActiveCfg = Release|Any CPU
		{8C2609AC-CEEF-41AA-B429-B02250ABA379}.Release|Any CPU.Build.0 = Release|Any CPU
		{35B001EB-CCCD-4866-BD8D-7193764A6A70}.Debug|Any CPU.ActiveCfg = Debug|Any CPU
		{35B001EB-CCCD-4866-BD8D-7193764A6A70}.Debug|Any CPU.Build.0 = Debug|Any CPU
		{35B001EB-CCCD-4866-BD8D-7193764A6A70}.Release|Any CPU.ActiveCfg = Release|Any CPU
		{35B001EB-CCCD-4866-BD8D-7193764A6A70}.Release|Any CPU.Build.0 = Release|Any CPU
		{32828182-3E7A-4030-B3BF-85932BC193DD}.Debug|Any CPU.ActiveCfg = Debug|Any CPU
		{32828182-3E7A-4030-B3BF-85932BC193DD}.Debug|Any CPU.Build.0 = Debug|Any CPU
		{32828182-3E7A-4030-B3BF-85932BC193DD}.Release|Any CPU.ActiveCfg = Release|Any CPU
		{32828182-3E7A-4030-B3BF-85932BC193DD}.Release|Any CPU.Build.0 = Release|Any CPU
		{BB200423-ED76-43B8-A0BF-2E2A76129699}.Debug|Any CPU.ActiveCfg = Debug|Any CPU
		{BB200423-ED76-43B8-A0BF-2E2A76129699}.Debug|Any CPU.Build.0 = Debug|Any CPU
		{BB200423-ED76-43B8-A0BF-2E2A76129699}.Release|Any CPU.ActiveCfg = Release|Any CPU
		{BB200423-ED76-43B8-A0BF-2E2A76129699}.Release|Any CPU.Build.0 = Release|Any CPU
	EndGlobalSection
	GlobalSection(SolutionProperties) = preSolution
		HideSolutionNode = FALSE
	EndGlobalSection
	GlobalSection(ExtensibilityGlobals) = postSolution
		SolutionGuid = {19D7A4CA-18EA-4F8D-BA75-26F0131B63C2}
	EndGlobalSection
EndGlobal
